
Microsoft Visual Studio Solution File, Format Version 12.00
# Visual Studio Version 17
VisualStudioVersion = 17.1.32421.90
MinimumVisualStudioVersion = 10.0.40219.1
Project("{FAE04EC0-301F-11D3-BF4B-00C04F79EFBC}") = "Battleships", "Battleships\Battleships.csproj", "{1A962AC7-FB93-4E07-8100-56C239C6B2D2}"
EndProject
Project("{FAE04EC0-301F-11D3-BF4B-00C04F79EFBC}") = "Battleships.Tests", "Battleships.Tests\Battleships.Tests.csproj", "{5F07454D-DA9B-424C-9CCE-3045614579C9}"
	ProjectSection(ProjectDependencies) = postProject
		{1A962AC7-FB93-4E07-8100-56C239C6B2D2} = {1A962AC7-FB93-4E07-8100-56C239C6B2D2}
	EndProjectSection
EndProject
Global
	GlobalSection(SolutionConfigurationPlatforms) = preSolution
		Debug|Any CPU = Debug|Any CPU
		Release|Any CPU = Release|Any CPU
	EndGlobalSection
	GlobalSection(ProjectConfigurationPlatforms) = postSolution
		{1A962AC7-FB93-4E07-8100-56C239C6B2D2}.Debug|Any CPU.ActiveCfg = Debug|Any CPU
		{1A962AC7-FB93-4E07-8100-56C239C6B2D2}.Debug|Any CPU.Build.0 = Debug|Any CPU
		{1A962AC7-FB93-4E07-8100-56C239C6B2D2}.Release|Any CPU.ActiveCfg = Release|Any CPU
		{1A962AC7-FB93-4E07-8100-56C239C6B2D2}.Release|Any CPU.Build.0 = Release|Any CPU
		{5F07454D-DA9B-424C-9CCE-3045614579C9}.Debug|Any CPU.ActiveCfg = Debug|Any CPU
		{5F07454D-DA9B-424C-9CCE-3045614579C9}.Debug|Any CPU.Build.0 = Debug|Any CPU
		{5F07454D-DA9B-424C-9CCE-3045614579C9}.Release|Any CPU.ActiveCfg = Release|Any CPU
		{5F07454D-DA9B-424C-9CCE-3045614579C9}.Release|Any CPU.Build.0 = Release|Any CPU
	EndGlobalSection
	GlobalSection(SolutionProperties) = preSolution
		HideSolutionNode = FALSE
	EndGlobalSection
	GlobalSection(ExtensibilityGlobals) = postSolution
		SolutionGuid = {28B9E66B-F269-4456-973C-9404B73302EB}
	EndGlobalSection
EndGlobal
